
Microsoft Visual Studio Solution File, Format Version 12.00
# Visual Studio 15
Project("{FAE04EC0-301F-11D3-BF4B-00C04F79EFBC}") = "UnityEngine.TestRunner", "UnityEngine.TestRunner.csproj", "{EF05297A-2D10-6357-6064-FB27029B67B7}"
EndProject
Project("{FAE04EC0-301F-11D3-BF4B-00C04F79EFBC}") = "Unity.VisualScripting.Flow", "Unity.VisualScripting.Flow.csproj", "{2EC8BACE-86CE-BBE4-82AE-1EBB70BFC656}"
EndProject
Project("{FAE04EC0-301F-11D3-BF4B-00C04F79EFBC}") = "Assembly-CSharp", "Assembly-CSharp.csproj", "{7084F6A8-CC85-F143-A063-6A81C26B63F4}"
EndProject
Project("{FAE04EC0-301F-11D3-BF4B-00C04F79EFBC}") = "Unity.VisualScripting.State", "Unity.VisualScripting.State.csproj", "{6391C999-EC6F-E027-8F35-BD9F01513BEC}"
EndProject
Project("{FAE04EC0-301F-11D3-BF4B-00C04F79EFBC}") = "Unity.VisualScripting.Core", "Unity.VisualScripting.Core.csproj", "{D1695B20-1BA5-CF3A-C631-156695A4AEAF}"
EndProject
Project("{FAE04EC0-301F-11D3-BF4B-00C04F79EFBC}") = "Unity.TextMeshPro", "Unity.TextMeshPro.csproj", "{FF927A23-3860-4C22-FE84-C9DEC424063E}"
EndProject
Project("{FAE04EC0-301F-11D3-BF4B-00C04F79EFBC}") = "Unity.Timeline", "Unity.Timeline.csproj", "{1DF29D2A-F6E1-8699-833C-8E7441F7D833}"
EndProject
Project("{FAE04EC0-301F-11D3-BF4B-00C04F79EFBC}") = "TTWebGL", "TTWebGL.csproj", "{DE5E0329-EB37-241C-3A19-252C74F8DB25}"
EndProject
Project("{FAE04EC0-301F-11D3-BF4B-00C04F79EFBC}") = "TTLitJson", "TTLitJson.csproj", "{6C64368A-7005-793A-E09A-1D5F41D270FE}"
EndProject
Project("{FAE04EC0-301F-11D3-BF4B-00C04F79EFBC}") = "Unity.Recorder", "Unity.Recorder.csproj", "{44977BAE-E639-7C27-D50A-6532DF4E58D0}"
EndProject
Project("{FAE04EC0-301F-11D3-BF4B-00C04F79EFBC}") = "Unity.Recorder.Base", "Unity.Recorder.Base.csproj", "{692DF402-0E3B-CBE8-385D-80182D7C7F72}"
EndProject
Project("{FAE04EC0-301F-11D3-BF4B-00C04F79EFBC}") = "Unity.PlasticSCM.Editor", "Unity.PlasticSCM.Editor.csproj", "{36FEC956-151F-9B2E-DAC5-9CD861D600FB}"
EndProject
Project("{FAE04EC0-301F-11D3-BF4B-00C04F79EFBC}") = "Unity.VisualScripting.Core.Editor", "Unity.VisualScripting.Core.Editor.csproj", "{0B5868DA-3AEC-2D79-70CF-5F36404DE508}"
EndProject
Project("{FAE04EC0-301F-11D3-BF4B-00C04F79EFBC}") = "Unity.VisualScripting.Flow.Editor", "Unity.VisualScripting.Flow.Editor.csproj", "{0B278156-9688-2F22-0A62-4A18EBD6B869}"
EndProject
Project("{FAE04EC0-301F-11D3-BF4B-00C04F79EFBC}") = "Unity.VisualStudio.Editor", "Unity.VisualStudio.Editor.csproj", "{77570748-E0A8-5002-C085-F8E055A4D39C}"
EndProject
Project("{FAE04EC0-301F-11D3-BF4B-00C04F79EFBC}") = "Unity.Timeline.Editor", "Unity.Timeline.Editor.csproj", "{2D8FABE1-DC02-F630-8D0C-2006CD30F74C}"
EndProject
Project("{FAE04EC0-301F-11D3-BF4B-00C04F79EFBC}") = "Unity.Recorder.Editor", "Unity.Recorder.Editor.csproj", "{90A92FEC-0DD2-EE56-CC76-2F4AE2AF6DE0}"
EndProject
Project("{FAE04EC0-301F-11D3-BF4B-00C04F79EFBC}") = "Unity.VisualScripting.State.Editor", "Unity.VisualScripting.State.Editor.csproj", "{A553591E-146C-B964-DF66-5DCEB536CA08}"
EndProject
Project("{FAE04EC0-301F-11D3-BF4B-00C04F79EFBC}") = "Unity.TextMeshPro.Editor", "Unity.TextMeshPro.Editor.csproj", "{691BBBD1-B08D-F54B-8A33-179FD8FF963D}"
EndProject
Project("{FAE04EC0-301F-11D3-BF4B-00C04F79EFBC}") = "Unity.VisualScripting.SettingsProvider.Editor", "Unity.VisualScripting.SettingsProvider.Editor.csproj", "{8B4F0F86-E9D3-CAAD-3ADC-332E7EE3AD31}"
EndProject
Project("{FAE04EC0-301F-11D3-BF4B-00C04F79EFBC}") = "UnityEditor.TestRunner", "UnityEditor.TestRunner.csproj", "{1EC0B106-139C-25B3-51B1-26DCD4FD9D54}"
EndProject
Project("{FAE04EC0-301F-11D3-BF4B-00C04F79EFBC}") = "Unity.Rider.Editor", "Unity.Rider.Editor.csproj", "{09D256AB-F6FA-A76B-E2D0-6CBF6FD19AFF}"
EndProject
Project("{FAE04EC0-301F-11D3-BF4B-00C04F79EFBC}") = "Unity.VSCode.Editor", "Unity.VSCode.Editor.csproj", "{9252283F-77A5-1F8D-F3EE-2AD70FD85CCA}"
EndProject
Project("{FAE04EC0-301F-11D3-BF4B-00C04F79EFBC}") = "GoogleMobileAds.Editor", "GoogleMobileAds.Editor.csproj", "{E528A237-E322-729A-11C3-65DB58B3736F}"
EndProject
Project("{FAE04EC0-301F-11D3-BF4B-00C04F79EFBC}") = "Unity.CollabProxy.Editor", "Unity.CollabProxy.Editor.csproj", "{DC7CC42F-DA25-E219-B5BF-95E98A818325}"
EndProject
Project("{FAE04EC0-301F-11D3-BF4B-00C04F79EFBC}") = "com.bytedance.ttsdk-editor", "com.bytedance.ttsdk-editor.csproj", "{B318D659-8DA2-A98A-BCCF-6019BC973EA0}"
EndProject
Project("{FAE04EC0-301F-11D3-BF4B-00C04F79EFBC}") = "Unity.VisualScripting.Shared.Editor", "Unity.VisualScripting.Shared.Editor.csproj", "{5FE7C8CD-A604-8CFC-1463-8ABEBDBB3CC4}"
EndProject
Global
	GlobalSection(SolutionConfigurationPlatforms) = preSolution
		Debug|Any CPU = Debug|Any CPU
		Release|Any CPU = Release|Any CPU
	EndGlobalSection
	GlobalSection(ProjectConfigurationPlatforms) = postSolution
		{EF05297A-2D10-6357-6064-FB27029B67B7}.Debug|Any CPU.ActiveCfg = Debug|Any CPU
		{EF05297A-2D10-6357-6064-FB27029B67B7}.Debug|Any CPU.Build.0 = Debug|Any CPU
		{EF05297A-2D10-6357-6064-FB27029B67B7}.Release|Any CPU.ActiveCfg = Release|Any CPU
		{EF05297A-2D10-6357-6064-FB27029B67B7}.Release|Any CPU.Build.0 = Release|Any CPU
		{2EC8BACE-86CE-BBE4-82AE-1EBB70BFC656}.Debug|Any CPU.ActiveCfg = Debug|Any CPU
		{2EC8BACE-86CE-BBE4-82AE-1EBB70BFC656}.Debug|Any CPU.Build.0 = Debug|Any CPU
		{2EC8BACE-86CE-BBE4-82AE-1EBB70BFC656}.Release|Any CPU.ActiveCfg = Release|Any CPU
		{2EC8BACE-86CE-BBE4-82AE-1EBB70BFC656}.Release|Any CPU.Build.0 = Release|Any CPU
		{7084F6A8-CC85-F143-A063-6A81C26B63F4}.Debug|Any CPU.ActiveCfg = Debug|Any CPU
		{7084F6A8-CC85-F143-A063-6A81C26B63F4}.Debug|Any CPU.Build.0 = Debug|Any CPU
		{7084F6A8-CC85-F143-A063-6A81C26B63F4}.Release|Any CPU.ActiveCfg = Release|Any CPU
		{7084F6A8-CC85-F143-A063-6A81C26B63F4}.Release|Any CPU.Build.0 = Release|Any CPU
		{6391C999-EC6F-E027-8F35-BD9F01513BEC}.Debug|Any CPU.ActiveCfg = Debug|Any CPU
		{6391C999-EC6F-E027-8F35-BD9F01513BEC}.Debug|Any CPU.Build.0 = Debug|Any CPU
		{6391C999-EC6F-E027-8F35-BD9F01513BEC}.Release|Any CPU.ActiveCfg = Release|Any CPU
		{6391C999-EC6F-E027-8F35-BD9F01513BEC}.Release|Any CPU.Build.0 = Release|Any CPU
		{D1695B20-1BA5-CF3A-C631-156695A4AEAF}.Debug|Any CPU.ActiveCfg = Debug|Any CPU
		{D1695B20-1BA5-CF3A-C631-156695A4AEAF}.Debug|Any CPU.Build.0 = Debug|Any CPU
		{D1695B20-1BA5-CF3A-C631-156695A4AEAF}.Release|Any CPU.ActiveCfg = Release|Any CPU
		{D1695B20-1BA5-CF3A-C631-156695A4AEAF}.Release|Any CPU.Build.0 = Release|Any CPU
		{FF927A23-3860-4C22-FE84-C9DEC424063E}.Debug|Any CPU.ActiveCfg = Debug|Any CPU
		{FF927A23-3860-4C22-FE84-C9DEC424063E}.Debug|Any CPU.Build.0 = Debug|Any CPU
		{FF927A23-3860-4C22-FE84-C9DEC424063E}.Release|Any CPU.ActiveCfg = Release|Any CPU
		{FF927A23-3860-4C22-FE84-C9DEC424063E}.Release|Any CPU.Build.0 = Release|Any CPU
		{1DF29D2A-F6E1-8699-833C-8E7441F7D833}.Debug|Any CPU.ActiveCfg = Debug|Any CPU
		{1DF29D2A-F6E1-8699-833C-8E7441F7D833}.Debug|Any CPU.Build.0 = Debug|Any CPU
		{1DF29D2A-F6E1-8699-833C-8E7441F7D833}.Release|Any CPU.ActiveCfg = Release|Any CPU
		{1DF29D2A-F6E1-8699-833C-8E7441F7D833}.Release|Any CPU.Build.0 = Release|Any CPU
		{DE5E0329-EB37-241C-3A19-252C74F8DB25}.Debug|Any CPU.ActiveCfg = Debug|Any CPU
		{DE5E0329-EB37-241C-3A19-252C74F8DB25}.Debug|Any CPU.Build.0 = Debug|Any CPU
		{DE5E0329-EB37-241C-3A19-252C74F8DB25}.Release|Any CPU.ActiveCfg = Release|Any CPU
		{DE5E0329-EB37-241C-3A19-252C74F8DB25}.Release|Any CPU.Build.0 = Release|Any CPU
		{6C64368A-7005-793A-E09A-1D5F41D270FE}.Debug|Any CPU.ActiveCfg = Debug|Any CPU
		{6C64368A-7005-793A-E09A-1D5F41D270FE}.Debug|Any CPU.Build.0 = Debug|Any CPU
		{6C64368A-7005-793A-E09A-1D5F41D270FE}.Release|Any CPU.ActiveCfg = Release|Any CPU
		{6C64368A-7005-793A-E09A-1D5F41D270FE}.Release|Any CPU.Build.0 = Release|Any CPU
		{44977BAE-E639-7C27-D50A-6532DF4E58D0}.Debug|Any CPU.ActiveCfg = Debug|Any CPU
		{44977BAE-E639-7C27-D50A-6532DF4E58D0}.Debug|Any CPU.Build.0 = Debug|Any CPU
		{44977BAE-E639-7C27-D50A-6532DF4E58D0}.Release|Any CPU.ActiveCfg = Release|Any CPU
		{44977BAE-E639-7C27-D50A-6532DF4E58D0}.Release|Any CPU.Build.0 = Release|Any CPU
		{692DF402-0E3B-CBE8-385D-80182D7C7F72}.Debug|Any CPU.ActiveCfg = Debug|Any CPU
		{692DF402-0E3B-CBE8-385D-80182D7C7F72}.Debug|Any CPU.Build.0 = Debug|Any CPU
		{692DF402-0E3B-CBE8-385D-80182D7C7F72}.Release|Any CPU.ActiveCfg = Release|Any CPU
		{692DF402-0E3B-CBE8-385D-80182D7C7F72}.Release|Any CPU.Build.0 = Release|Any CPU
		{36FEC956-151F-9B2E-DAC5-9CD861D600FB}.Debug|Any CPU.ActiveCfg = Debug|Any CPU
		{36FEC956-151F-9B2E-DAC5-9CD861D600FB}.Debug|Any CPU.Build.0 = Debug|Any CPU
		{36FEC956-151F-9B2E-DAC5-9CD861D600FB}.Release|Any CPU.ActiveCfg = Release|Any CPU
		{36FEC956-151F-9B2E-DAC5-9CD861D600FB}.Release|Any CPU.Build.0 = Release|Any CPU
		{0B5868DA-3AEC-2D79-70CF-5F36404DE508}.Debug|Any CPU.ActiveCfg = Debug|Any CPU
		{0B5868DA-3AEC-2D79-70CF-5F36404DE508}.Debug|Any CPU.Build.0 = Debug|Any CPU
		{0B5868DA-3AEC-2D79-70CF-5F36404DE508}.Release|Any CPU.ActiveCfg = Release|Any CPU
		{0B5868DA-3AEC-2D79-70CF-5F36404DE508}.Release|Any CPU.Build.0 = Release|Any CPU
		{0B278156-9688-2F22-0A62-4A18EBD6B869}.Debug|Any CPU.ActiveCfg = Debug|Any CPU
		{0B278156-9688-2F22-0A62-4A18EBD6B869}.Debug|Any CPU.Build.0 = Debug|Any CPU
		{0B278156-9688-2F22-0A62-4A18EBD6B869}.Release|Any CPU.ActiveCfg = Release|Any CPU
		{0B278156-9688-2F22-0A62-4A18EBD6B869}.Release|Any CPU.Build.0 = Release|Any CPU
		{77570748-E0A8-5002-C085-F8E055A4D39C}.Debug|Any CPU.ActiveCfg = Debug|Any CPU
		{77570748-E0A8-5002-C085-F8E055A4D39C}.Debug|Any CPU.Build.0 = Debug|Any CPU
		{77570748-E0A8-5002-C085-F8E055A4D39C}.Release|Any CPU.ActiveCfg = Release|Any CPU
		{77570748-E0A8-5002-C085-F8E055A4D39C}.Release|Any CPU.Build.0 = Release|Any CPU
		{2D8FABE1-DC02-F630-8D0C-2006CD30F74C}.Debug|Any CPU.ActiveCfg = Debug|Any CPU
		{2D8FABE1-DC02-F630-8D0C-2006CD30F74C}.Debug|Any CPU.Build.0 = Debug|Any CPU
		{2D8FABE1-DC02-F630-8D0C-2006CD30F74C}.Release|Any CPU.ActiveCfg = Release|Any CPU
		{2D8FABE1-DC02-F630-8D0C-2006CD30F74C}.Release|Any CPU.Build.0 = Release|Any CPU
		{90A92FEC-0DD2-EE56-CC76-2F4AE2AF6DE0}.Debug|Any CPU.ActiveCfg = Debug|Any CPU
		{90A92FEC-0DD2-EE56-CC76-2F4AE2AF6DE0}.Debug|Any CPU.Build.0 = Debug|Any CPU
		{90A92FEC-0DD2-EE56-CC76-2F4AE2AF6DE0}.Release|Any CPU.ActiveCfg = Release|Any CPU
		{90A92FEC-0DD2-EE56-CC76-2F4AE2AF6DE0}.Release|Any CPU.Build.0 = Release|Any CPU
		{A553591E-146C-B964-DF66-5DCEB536CA08}.Debug|Any CPU.ActiveCfg = Debug|Any CPU
		{A553591E-146C-B964-DF66-5DCEB536CA08}.Debug|Any CPU.Build.0 = Debug|Any CPU
		{A553591E-146C-B964-DF66-5DCEB536CA08}.Release|Any CPU.ActiveCfg = Release|Any CPU
		{A553591E-146C-B964-DF66-5DCEB536CA08}.Release|Any CPU.Build.0 = Release|Any CPU
		{691BBBD1-B08D-F54B-8A33-179FD8FF963D}.Debug|Any CPU.ActiveCfg = Debug|Any CPU
		{691BBBD1-B08D-F54B-8A33-179FD8FF963D}.Debug|Any CPU.Build.0 = Debug|Any CPU
		{691BBBD1-B08D-F54B-8A33-179FD8FF963D}.Release|Any CPU.ActiveCfg = Release|Any CPU
		{691BBBD1-B08D-F54B-8A33-179FD8FF963D}.Release|Any CPU.Build.0 = Release|Any CPU
		{8B4F0F86-E9D3-CAAD-3ADC-332E7EE3AD31}.Debug|Any CPU.ActiveCfg = Debug|Any CPU
		{8B4F0F86-E9D3-CAAD-3ADC-332E7EE3AD31}.Debug|Any CPU.Build.0 = Debug|Any CPU
		{8B4F0F86-E9D3-CAAD-3ADC-332E7EE3AD31}.Release|Any CPU.ActiveCfg = Release|Any CPU
		{8B4F0F86-E9D3-CAAD-3ADC-332E7EE3AD31}.Release|Any CPU.Build.0 = Release|Any CPU
		{1EC0B106-139C-25B3-51B1-26DCD4FD9D54}.Debug|Any CPU.ActiveCfg = Debug|Any CPU
		{1EC0B106-139C-25B3-51B1-26DCD4FD9D54}.Debug|Any CPU.Build.0 = Debug|Any CPU
		{1EC0B106-139C-25B3-51B1-26DCD4FD9D54}.Release|Any CPU.ActiveCfg = Release|Any CPU
		{1EC0B106-139C-25B3-51B1-26DCD4FD9D54}.Release|Any CPU.Build.0 = Release|Any CPU
		{09D256AB-F6FA-A76B-E2D0-6CBF6FD19AFF}.Debug|Any CPU.ActiveCfg = Debug|Any CPU
		{09D256AB-F6FA-A76B-E2D0-6CBF6FD19AFF}.Debug|Any CPU.Build.0 = Debug|Any CPU
		{09D256AB-F6FA-A76B-E2D0-6CBF6FD19AFF}.Release|Any CPU.ActiveCfg = Release|Any CPU
		{09D256AB-F6FA-A76B-E2D0-6CBF6FD19AFF}.Release|Any CPU.Build.0 = Release|Any CPU
		{9252283F-77A5-1F8D-F3EE-2AD70FD85CCA}.Debug|Any CPU.ActiveCfg = Debug|Any CPU
		{9252283F-77A5-1F8D-F3EE-2AD70FD85CCA}.Debug|Any CPU.Build.0 = Debug|Any CPU
		{9252283F-77A5-1F8D-F3EE-2AD70FD85CCA}.Release|Any CPU.ActiveCfg = Release|Any CPU
		{9252283F-77A5-1F8D-F3EE-2AD70FD85CCA}.Release|Any CPU.Build.0 = Release|Any CPU
		{E528A237-E322-729A-11C3-65DB58B3736F}.Debug|Any CPU.ActiveCfg = Debug|Any CPU
		{E528A237-E322-729A-11C3-65DB58B3736F}.Debug|Any CPU.Build.0 = Debug|Any CPU
		{E528A237-E322-729A-11C3-65DB58B3736F}.Release|Any CPU.ActiveCfg = Release|Any CPU
		{E528A237-E322-729A-11C3-65DB58B3736F}.Release|Any CPU.Build.0 = Release|Any CPU
		{DC7CC42F-DA25-E219-B5BF-95E98A818325}.Debug|Any CPU.ActiveCfg = Debug|Any CPU
		{DC7CC42F-DA25-E219-B5BF-95E98A818325}.Debug|Any CPU.Build.0 = Debug|Any CPU
		{DC7CC42F-DA25-E219-B5BF-95E98A818325}.Release|Any CPU.ActiveCfg = Release|Any CPU
		{DC7CC42F-DA25-E219-B5BF-95E98A818325}.Release|Any CPU.Build.0 = Release|Any CPU
		{B318D659-8DA2-A98A-BCCF-6019BC973EA0}.Debug|Any CPU.ActiveCfg = Debug|Any CPU
		{B318D659-8DA2-A98A-BCCF-6019BC973EA0}.Debug|Any CPU.Build.0 = Debug|Any CPU
		{B318D659-8DA2-A98A-BCCF-6019BC973EA0}.Release|Any CPU.ActiveCfg = Release|Any CPU
		{B318D659-8DA2-A98A-BCCF-6019BC973EA0}.Release|Any CPU.Build.0 = Release|Any CPU
		{5FE7C8CD-A604-8CFC-1463-8ABEBDBB3CC4}.Debug|Any CPU.ActiveCfg = Debug|Any CPU
		{5FE7C8CD-A604-8CFC-1463-8ABEBDBB3CC4}.Debug|Any CPU.Build.0 = Debug|Any CPU
		{5FE7C8CD-A604-8CFC-1463-8ABEBDBB3CC4}.Release|Any CPU.ActiveCfg = Release|Any CPU
		{5FE7C8CD-A604-8CFC-1463-8ABEBDBB3CC4}.Release|Any CPU.Build.0 = Release|Any CPU
	EndGlobalSection
	GlobalSection(SolutionProperties) = preSolution
		HideSolutionNode = FALSE
	EndGlobalSection
EndGlobal
