
Microsoft Visual Studio Solution File, Format Version 12.00
# Visual Studio 15
Project("{FAE04EC0-301F-11D3-BF4B-00C04F79EFBC}") = "Assembly-CSharp", "Assembly-CSharp.csproj", "{6CD6E480-FAA9-05EA-795F-0D647FD46C1C}"
EndProject
Project("{FAE04EC0-301F-11D3-BF4B-00C04F79EFBC}") = "GoogleMobileAds.Editor", "GoogleMobileAds.Editor.csproj", "{60DF1F77-F3D8-D08F-B0E1-8BA47D8E790C}"
EndProject
Global
	GlobalSection(SolutionConfigurationPlatforms) = preSolution
		Debug|Any CPU = Debug|Any CPU
		Release|Any CPU = Release|Any CPU
	EndGlobalSection
	GlobalSection(ProjectConfigurationPlatforms) = postSolution
		{6CD6E480-FAA9-05EA-795F-0D647FD46C1C}.Debug|Any CPU.ActiveCfg = Debug|Any CPU
		{6CD6E480-FAA9-05EA-795F-0D647FD46C1C}.Debug|Any CPU.Build.0 = Debug|Any CPU
		{6CD6E480-FAA9-05EA-795F-0D647FD46C1C}.Release|Any CPU.ActiveCfg = Release|Any CPU
		{6CD6E480-FAA9-05EA-795F-0D647FD46C1C}.Release|Any CPU.Build.0 = Release|Any CPU
		{60DF1F77-F3D8-D08F-B0E1-8BA47D8E790C}.Debug|Any CPU.ActiveCfg = Debug|Any CPU
		{60DF1F77-F3D8-D08F-B0E1-8BA47D8E790C}.Debug|Any CPU.Build.0 = Debug|Any CPU
		{60DF1F77-F3D8-D08F-B0E1-8BA47D8E790C}.Release|Any CPU.ActiveCfg = Release|Any CPU
		{60DF1F77-F3D8-D08F-B0E1-8BA47D8E790C}.Release|Any CPU.Build.0 = Release|Any CPU
	EndGlobalSection
	GlobalSection(SolutionProperties) = preSolution
		HideSolutionNode = FALSE
	EndGlobalSection
EndGlobal
